
Microsoft Visual Studio Solution File, Format Version 12.00
# Visual Studio 15
VisualStudioVersion = 15.0.27130.2027
MinimumVisualStudioVersion = 10.0.40219.1
Project("{9A19103F-16F7-4668-BE54-9A1E7A4F7556}") = "LoadGeneratorService", "LoadGenerationService\LoadGeneratorService.csproj", "{4EBD90A2-B13D-499C-83EF-68B6F7C7B5D7}"
EndProject
Project("{9A19103F-16F7-4668-BE54-9A1E7A4F7556}") = "LoadGenerationService.IntegrationTests", "LoadGenerationService.IntegrationTests\LoadGenerationService.IntegrationTests.csproj", "{A61D2F11-34E4-4D97-8D4C-0D4359951081}"
EndProject
Project("{2150E333-8FDC-42A3-9474-1A3956D46DE8}") = "KubernetesConfig", "KubernetesConfig", "{1EE74414-BFB2-40BB-BB67-7FF72ADFE11D}"
	ProjectSection(SolutionItems) = preProject
		config\autoscaler.yml = config\autoscaler.yml
		config\deployment.yml = config\deployment.yml
		config\deployment_limited.yml = config\deployment_limited.yml
		config\pod.yml = config\pod.yml
		config\service.yml = config\service.yml
	EndProjectSection
EndProject
Global
	GlobalSection(SolutionConfigurationPlatforms) = preSolution
		Debug|Any CPU = Debug|Any CPU
		Release|Any CPU = Release|Any CPU
	EndGlobalSection
	GlobalSection(ProjectConfigurationPlatforms) = postSolution
		{4EBD90A2-B13D-499C-83EF-68B6F7C7B5D7}.Debug|Any CPU.ActiveCfg = Debug|Any CPU
		{4EBD90A2-B13D-499C-83EF-68B6F7C7B5D7}.Debug|Any CPU.Build.0 = Debug|Any CPU
		{4EBD90A2-B13D-499C-83EF-68B6F7C7B5D7}.Release|Any CPU.ActiveCfg = Release|Any CPU
		{4EBD90A2-B13D-499C-83EF-68B6F7C7B5D7}.Release|Any CPU.Build.0 = Release|Any CPU
		{A61D2F11-34E4-4D97-8D4C-0D4359951081}.Debug|Any CPU.ActiveCfg = Debug|Any CPU
		{A61D2F11-34E4-4D97-8D4C-0D4359951081}.Debug|Any CPU.Build.0 = Debug|Any CPU
		{A61D2F11-34E4-4D97-8D4C-0D4359951081}.Release|Any CPU.ActiveCfg = Release|Any CPU
		{A61D2F11-34E4-4D97-8D4C-0D4359951081}.Release|Any CPU.Build.0 = Release|Any CPU
	EndGlobalSection
	GlobalSection(SolutionProperties) = preSolution
		HideSolutionNode = FALSE
	EndGlobalSection
	GlobalSection(ExtensibilityGlobals) = postSolution
		SolutionGuid = {32F65799-0DAB-4F3F-9A16-B4A1CB0AD3CC}
	EndGlobalSection
EndGlobal
